
Microsoft Visual Studio Solution File, Format Version 12.00
Project("{F2A71F9B-5D33-465A-A702-920D77279786}") = "Day01.Trebuchet", "Day01.Trebuchet\Day01.Trebuchet.fsproj", "{9270EECC-9905-4725-ABE1-6065422787E7}"
EndProject
Project("{F2A71F9B-5D33-465A-A702-920D77279786}") = "Day02.CubeConundrum", "Day02.CubeConundrum\Day02.CubeConundrum.fsproj", "{0694FC13-7E7D-41A6-94C2-3B5CF2715E28}"
EndProject
Project("{F2A71F9B-5D33-465A-A702-920D77279786}") = "Day03.GearRatios", "Day03.GearRatios\Day03.GearRatios.fsproj", "{F2A0DB34-346F-4AB5-A00B-92F84042ADC1}"
EndProject
Project("{F2A71F9B-5D33-465A-A702-920D77279786}") = "Day04.Scratchcards", "Day04.Scratchcards\Day04.Scratchcards.fsproj", "{A57FE9DE-85A2-4353-B37E-E13915F86C8A}"
EndProject
Project("{F2A71F9B-5D33-465A-A702-920D77279786}") = "Day05.IfYouGiveASeedAFertilizer", "Day05.IfYouGiveASeedAFertilizer\Day05.IfYouGiveASeedAFertilizer.fsproj", "{0E8040A4-B4CF-47EF-A6D2-100AC49FACC1}"
EndProject
Project("{F2A71F9B-5D33-465A-A702-920D77279786}") = "Day06.WaitForIt", "Day06.WaitForIt\Day06.WaitForIt.fsproj", "{60FD6B86-896B-4976-9ED8-91700D416D8D}"
EndProject
Project("{F2A71F9B-5D33-465A-A702-920D77279786}") = "Day07.CamelCards", "Day07.CamelCards\Day07.CamelCards.fsproj", "{27769113-C078-4CA5-9D14-C1DB5689E87A}"
EndProject
Global
	GlobalSection(SolutionConfigurationPlatforms) = preSolution
		Debug|Any CPU = Debug|Any CPU
		Release|Any CPU = Release|Any CPU
	EndGlobalSection
	GlobalSection(ProjectConfigurationPlatforms) = postSolution
		{9270EECC-9905-4725-ABE1-6065422787E7}.Debug|Any CPU.ActiveCfg = Debug|Any CPU
		{9270EECC-9905-4725-ABE1-6065422787E7}.Debug|Any CPU.Build.0 = Debug|Any CPU
		{9270EECC-9905-4725-ABE1-6065422787E7}.Release|Any CPU.ActiveCfg = Release|Any CPU
		{9270EECC-9905-4725-ABE1-6065422787E7}.Release|Any CPU.Build.0 = Release|Any CPU
		{0694FC13-7E7D-41A6-94C2-3B5CF2715E28}.Debug|Any CPU.ActiveCfg = Debug|Any CPU
		{0694FC13-7E7D-41A6-94C2-3B5CF2715E28}.Debug|Any CPU.Build.0 = Debug|Any CPU
		{0694FC13-7E7D-41A6-94C2-3B5CF2715E28}.Release|Any CPU.ActiveCfg = Release|Any CPU
		{0694FC13-7E7D-41A6-94C2-3B5CF2715E28}.Release|Any CPU.Build.0 = Release|Any CPU
		{F2A0DB34-346F-4AB5-A00B-92F84042ADC1}.Debug|Any CPU.ActiveCfg = Debug|Any CPU
		{F2A0DB34-346F-4AB5-A00B-92F84042ADC1}.Debug|Any CPU.Build.0 = Debug|Any CPU
		{F2A0DB34-346F-4AB5-A00B-92F84042ADC1}.Release|Any CPU.ActiveCfg = Release|Any CPU
		{F2A0DB34-346F-4AB5-A00B-92F84042ADC1}.Release|Any CPU.Build.0 = Release|Any CPU
		{A57FE9DE-85A2-4353-B37E-E13915F86C8A}.Debug|Any CPU.ActiveCfg = Debug|Any CPU
		{A57FE9DE-85A2-4353-B37E-E13915F86C8A}.Debug|Any CPU.Build.0 = Debug|Any CPU
		{A57FE9DE-85A2-4353-B37E-E13915F86C8A}.Release|Any CPU.ActiveCfg = Release|Any CPU
		{A57FE9DE-85A2-4353-B37E-E13915F86C8A}.Release|Any CPU.Build.0 = Release|Any CPU
		{0E8040A4-B4CF-47EF-A6D2-100AC49FACC1}.Debug|Any CPU.ActiveCfg = Debug|Any CPU
		{0E8040A4-B4CF-47EF-A6D2-100AC49FACC1}.Debug|Any CPU.Build.0 = Debug|Any CPU
		{0E8040A4-B4CF-47EF-A6D2-100AC49FACC1}.Release|Any CPU.ActiveCfg = Release|Any CPU
		{0E8040A4-B4CF-47EF-A6D2-100AC49FACC1}.Release|Any CPU.Build.0 = Release|Any CPU
		{60FD6B86-896B-4976-9ED8-91700D416D8D}.Debug|Any CPU.ActiveCfg = Debug|Any CPU
		{60FD6B86-896B-4976-9ED8-91700D416D8D}.Debug|Any CPU.Build.0 = Debug|Any CPU
		{60FD6B86-896B-4976-9ED8-91700D416D8D}.Release|Any CPU.ActiveCfg = Release|Any CPU
		{60FD6B86-896B-4976-9ED8-91700D416D8D}.Release|Any CPU.Build.0 = Release|Any CPU
		{27769113-C078-4CA5-9D14-C1DB5689E87A}.Debug|Any CPU.ActiveCfg = Debug|Any CPU
		{27769113-C078-4CA5-9D14-C1DB5689E87A}.Debug|Any CPU.Build.0 = Debug|Any CPU
		{27769113-C078-4CA5-9D14-C1DB5689E87A}.Release|Any CPU.ActiveCfg = Release|Any CPU
		{27769113-C078-4CA5-9D14-C1DB5689E87A}.Release|Any CPU.Build.0 = Release|Any CPU
	EndGlobalSection
EndGlobal
